// !$*UTF8*$!
{
	archiveVersion = 1;
	classes = {
	};
	objectVersion = 46;
	objects = {

/* Begin PBXBuildFile section */
		F348DC5A1CF1C3B900B0BA9A /* AppDelegate.swift in Sources */ = {isa = PBXBuildFile; fileRef = F348DC591CF1C3B900B0BA9A /* AppDelegate.swift */; };
		F348DC5C1CF1C3B900B0BA9A /* ViewController.swift in Sources */ = {isa = PBXBuildFile; fileRef = F348DC5B1CF1C3B900B0BA9A /* ViewController.swift */; };
		F348DC5F1CF1C3B900B0BA9A /* Main.storyboard in Resources */ = {isa = PBXBuildFile; fileRef = F348DC5D1CF1C3B900B0BA9A /* Main.storyboard */; };
		F348DC611CF1C3B900B0BA9A /* Assets.xcassets in Resources */ = {isa = PBXBuildFile; fileRef = F348DC601CF1C3B900B0BA9A /* Assets.xcassets */; };
		F348DC641CF1C3B900B0BA9A /* LaunchScreen.storyboard in Resources */ = {isa = PBXBuildFile; fileRef = F348DC621CF1C3B900B0BA9A /* LaunchScreen.storyboard */; };
		F34F3A841CF9855B00B7012F /* CalculaterModel.swift in Sources */ = {isa = PBXBuildFile; fileRef = F34F3A831CF9855B00B7012F /* CalculaterModel.swift */; };
/* End PBXBuildFile section */

/* Begin PBXFileReference section */
		F348DC561CF1C3B900B0BA9A /* Calculator.app */ = {isa = PBXFileReference; explicitFileType = wrapper.application; includeInIndex = 0; path = Calculator.app; sourceTree = BUILT_PRODUCTS_DIR; };
		F348DC591CF1C3B900B0BA9A /* AppDelegate.swift */ = {isa = PBXFileReference; lastKnownFileType = sourcecode.swift; path = AppDelegate.swift; sourceTree = "<group>"; };
		F348DC5B1CF1C3B900B0BA9A /* ViewController.swift */ = {isa = PBXFileReference; lastKnownFileType = sourcecode.swift; path = ViewController.swift; sourceTree = "<group>"; };
		F348DC5E1CF1C3B900B0BA9A /* Base */ = {isa = PBXFileReference; lastKnownFileType = file.storyboard; name = Base; path = Base.lproj/Main.storyboard; sourceTree = "<group>"; };
		F348DC601CF1C3B900B0BA9A /* Assets.xcassets */ = {isa = PBXFileReference; lastKnownFileType = folder.assetcatalog; path = Assets.xcassets; sourceTree = "<group>"; };
		F348DC631CF1C3B900B0BA9A /* Base */ = {isa = PBXFileReference; lastKnownFileType = file.storyboard; name = Base; path = Base.lproj/LaunchScreen.storyboard; sourceTree = "<group>"; };
		F348DC651CF1C3B900B0BA9A /* Info.plist */ = {isa = PBXFileReference; lastKnownFileType = text.plist.xml; path = Info.plist; sourceTree = "<group>"; };
		F34F3A831CF9855B00B7012F /* CalculaterModel.swift */ = {isa = PBXFileReference; fileEncoding = 4; lastKnownFileType = sourcecode.swift; path = CalculaterModel.swift; sourceTree = "<group>"; };
/* End PBXFileReference section */

/* Begin PBXFrameworksBuildPhase section */
		F348DC531CF1C3B900B0BA9A /* Frameworks */ = {
			isa = PBXFrameworksBuildPhase;
			buildActionMask = 2147483647;
			files = (
			);
			runOnlyForDeploymentPostprocessing = 0;
		};
/* End PBXFrameworksBuildPhase section */

/* Begin PBXGroup section */
		F348DC4D1CF1C3B900B0BA9A = {
			isa = PBXGroup;
			children = (
				F348DC581CF1C3B900B0BA9A /* Calculator */,
				F348DC571CF1C3B900B0BA9A /* Products */,
			);
			sourceTree = "<group>";
		};
		F348DC571CF1C3B900B0BA9A /* Products */ = {
			isa = PBXGroup;
			children = (
				F348DC561CF1C3B900B0BA9A /* Calculator.app */,
			);
			name = Products;
			sourceTree = "<group>";
		};
		F348DC581CF1C3B900B0BA9A /* Calculator */ = {
			isa = PBXGroup;
			children = (
				F348DC591CF1C3B900B0BA9A /* AppDelegate.swift */,
				F348DC5B1CF1C3B900B0BA9A /* ViewController.swift */,
				F348DC5D1CF1C3B900B0BA9A /* Main.storyboard */,
				F34F3A831CF9855B00B7012F /* CalculaterModel.swift */,
				F348DC601CF1C3B900B0BA9A /* Assets.xcassets */,
				F348DC621CF1C3B900B0BA9A /* LaunchScreen.storyboard */,
				F348DC651CF1C3B900B0BA9A /* Info.plist */,
			);
			path = Calculator;
			sourceTree = "<group>";
		};
/* End PBXGroup section */

/* Begin PBXNativeTarget section */
		F348DC551CF1C3B900B0BA9A /* Calculator */ = {
			isa = PBXNativeTarget;
			buildConfigurationList = F348DC681CF1C3B900B0BA9A /* Build configuration list for PBXNativeTarget "Calculator" */;
			buildPhases = (
				F348DC521CF1C3B900B0BA9A /* Sources */,
				F348DC531CF1C3B900B0BA9A /* Frameworks */,
				F348DC541CF1C3B900B0BA9A /* Resources */,
			);
			buildRules = (
			);
			dependencies = (
			);
			name = Calculator;
			productName = Calculator;
			productReference = F348DC561CF1C3B900B0BA9A /* Calculator.app */;
			productType = "com.apple.product-type.application";
		};
/* End PBXNativeTarget section */

/* Begin PBXProject section */
		F348DC4E1CF1C3B900B0BA9A /* Project object */ = {
			isa = PBXProject;
			attributes = {
				LastSwiftUpdateCheck = 0730;
				LastUpgradeCheck = 0730;
				ORGANIZATIONNAME = "Lana Dzyuban";
				TargetAttributes = {
					F348DC551CF1C3B900B0BA9A = {
						CreatedOnToolsVersion = 7.3.1;
						DevelopmentTeam = V9B9GE2UEC;
					};
				};
			};
			buildConfigurationList = F348DC511CF1C3B900B0BA9A /* Build configuration list for PBXProject "Calculator" */;
			compatibilityVersion = "Xcode 3.2";
			developmentRegion = English;
			hasScannedForEncodings = 0;
			knownRegions = (
				en,
				Base,
			);
			mainGroup = F348DC4D1CF1C3B900B0BA9A;
			productRefGroup = F348DC571CF1C3B900B0BA9A /* Products */;
			projectDirPath = "";
			projectRoot = "";
			targets = (
				F348DC551CF1C3B900B0BA9A /* Calculator */,
			);
		};
/* End PBXProject section */

/* Begin PBXResourcesBuildPhase section */
		F348DC541CF1C3B900B0BA9A /* Resources */ = {
			isa = PBXResourcesBuildPhase;
			buildActionMask = 2147483647;
			files = (
				F348DC641CF1C3B900B0BA9A /* LaunchScreen.storyboard in Resources */,
				F348DC611CF1C3B900B0BA9A /* Assets.xcassets in Resources */,
				F348DC5F1CF1C3B900B0BA9A /* Main.storyboard in Resources */,
			);
			runOnlyForDeploymentPostprocessing = 0;
		};
/* End PBXResourcesBuildPhase section */

/* Begin PBXSourcesBuildPhase section */
		F348DC521CF1C3B900B0BA9A /* Sources */ = {
			isa = PBXSourcesBuildPhase;
			buildActionMask = 2147483647;
			files = (
				F34F3A841CF9855B00B7012F /* CalculaterModel.swift in Sources */,
				F348DC5C1CF1C3B900B0BA9A /* ViewController.swift in Sources */,
				F348DC5A1CF1C3B900B0BA9A /* AppDelegate.swift in Sources */,
			);
			runOnlyForDeploymentPostprocessing = 0;
		};
/* End PBXSourcesBuildPhase section */

/* Begin PBXVariantGroup section */
		F348DC5D1CF1C3B900B0BA9A /* Main.storyboard */ = {
			isa = PBXVariantGroup;
			children = (
				F348DC5E1CF1C3B900B0BA9A /* Base */,
			);
			name = Main.storyboard;
			sourceTree = "<group>";
		};
		F348DC621CF1C3B900B0BA9A /* LaunchScreen.storyboard */ = {
			isa = PBXVariantGroup;
			children = (
				F348DC631CF1C3B900B0BA9A /* Base */,
			);
			name = LaunchScreen.storyboard;
			sourceTree = "<group>";
		};
/* End PBXVariantGroup section */

/* Begin XCBuildConfiguration section */
		F348DC661CF1C3B900B0BA9A /* Debug */ = {
			isa = XCBuildConfiguration;
			buildSettings = {
				ALWAYS_SEARCH_USER_PATHS = NO;
				CLANG_ANALYZER_NONNULL = YES;
				CLANG_CXX_LANGUAGE_STANDARD = "gnu++0x";
				CLANG_CXX_LIBRARY = "libc++";
				CLANG_ENABLE_MODULES = YES;
				CLANG_ENABLE_OBJC_ARC = YES;
				CLANG_WARN_BOOL_CONVERSION = YES;
				CLANG_WARN_CONSTANT_CONVERSION = YES;
				CLANG_WARN_DIRECT_OBJC_ISA_USAGE = YES_ERROR;
				CLANG_WARN_EMPTY_BODY = YES;
				CLANG_WARN_ENUM_CONVERSION = YES;
				CLANG_WARN_INT_CONVERSION = YES;
				CLANG_WARN_OBJC_ROOT_CLASS = YES_ERROR;
				CLANG_WARN_UNREACHABLE_CODE = YES;
				CLANG_WARN__DUPLICATE_METHOD_MATCH = YES;
				"CODE_SIGN_IDENTITY[sdk=iphoneos*]" = "iPhone Developer";
				COPY_PHASE_STRIP = NO;
				DEBUG_INFORMATION_FORMAT = dwarf;
				ENABLE_STRICT_OBJC_MSGSEND = YES;
				ENABLE_TESTABILITY = YES;
				GCC_C_LANGUAGE_STANDARD = gnu99;
				GCC_DYNAMIC_NO_PIC = NO;
				GCC_NO_COMMON_BLOCKS = YES;
				GCC_OPTIMIZATION_LEVEL = 0;
				GCC_PREPROCESSOR_DEFINITIONS = (
					"DEBUG=1",
					"$(inherited)",
				);
				GCC_WARN_64_TO_32_BIT_CONVERSION = YES;
				GCC_WARN_ABOUT_RETURN_TYPE = YES_ERROR;
				GCC_WARN_UNDECLARED_SELECTOR = YES;
				GCC_WARN_UNINITIALIZED_AUTOS = YES_AGGRESSIVE;
				GCC_WARN_UNUSED_FUNCTION = YES;
				GCC_WARN_UNUSED_VARIABLE = YES;
				IPHONEOS_DEPLOYMENT_TARGET = 9.3;
				MTL_ENABLE_DEBUG_INFO = YES;
				ONLY_ACTIVE_ARCH = YES;
				SDKROOT = iphoneos;
				SWIFT_OPTIMIZATION_LEVEL = "-Onone";
				TARGETED_DEVICE_FAMILY = "1,2";
			};
			name = Debug;
		};
		F348DC671CF1C3B900B0BA9A /* Release */ = {
			isa = XCBuildConfiguration;
			buildSettings = {
				ALWAYS_SEARCH_USER_PATHS = NO;
				CLANG_ANALYZER_NONNULL = YES;
				CLANG_CXX_LANGUAGE_STANDARD = "gnu++0x";
				CLANG_CXX_LIBRARY = "libc++";
				CLANG_ENABLE_MODULES = YES;
				CLANG_ENABLE_OBJC_ARC = YES;
				CLANG_WARN_BOOL_CONVERSION = YES;
				CLANG_WARN_CONSTANT_CONVERSION = YES;
				CLANG_WARN_DIRECT_OBJC_ISA_USAGE = YES_ERROR;
				CLANG_WARN_EMPTY_BODY = YES;
				CLANG_WARN_ENUM_CONVERSION = YES;
				CLANG_WARN_INT_CONVERSION = YES;
				CLANG_WARN_OBJC_ROOT_CLASS = YES_ERROR;
				CLANG_WARN_UNREACHABLE_CODE = YES;
				CLANG_WARN__DUPLICATE_METHOD_MATCH = YES;
				"CODE_SIGN_IDENTITY[sdk=iphoneos*]" = "iPhone Developer";
				COPY_PHASE_STRIP = NO;
				DEBUG_INFORMATION_FORMAT = "dwarf-with-dsym";
				ENABLE_NS_ASSERTIONS = NO;
				ENABLE_STRICT_OBJC_MSGSEND = YES;
				GCC_C_LANGUAGE_STANDARD = gnu99;
				GCC_NO_COMMON_BLOCKS = YES;
				GCC_WARN_64_TO_32_BIT_CONVERSION = YES;
				GCC_WARN_ABOUT_RETURN_TYPE = YES_ERROR;
				GCC_WARN_UNDECLARED_SELECTOR = YES;
				GCC_WARN_UNINITIALIZED_AUTOS = YES_AGGRESSIVE;
				GCC_WARN_UNUSED_FUNCTION = YES;
				GCC_WARN_UNUSED_VARIABLE = YES;
				IPHONEOS_DEPLOYMENT_TARGET = 9.3;
				MTL_ENABLE_DEBUG_INFO = NO;
				SDKROOT = iphoneos;
				TARGETED_DEVICE_FAMILY = "1,2";
				VALIDATE_PRODUCT = YES;
			};
			name = Release;
		};
		F348DC691CF1C3B900B0BA9A /* Debug */ = {
			isa = XCBuildConfiguration;
			buildSettings = {
				ASSETCATALOG_COMPILER_APPICON_NAME = AppIcon;
				CODE_SIGN_IDENTITY = "iPhone Developer";
				INFOPLIST_FILE = Calculator/Info.plist;
				LD_RUNPATH_SEARCH_PATHS = "$(inherited) @executable_path/Frameworks";
				PRODUCT_BUNDLE_IDENTIFIER = "com.lana-dz.Calculator";
				PRODUCT_NAME = "$(TARGET_NAME)";
			};
			name = Debug;
		};
		F348DC6A1CF1C3B900B0BA9A /* Release */ = {
			isa = XCBuildConfiguration;
			buildSettings = {
				ASSETCATALOG_COMPILER_APPICON_NAME = AppIcon;
				CODE_SIGN_IDENTITY = "iPhone Developer";
				INFOPLIST_FILE = Calculator/Info.plist;
				LD_RUNPATH_SEARCH_PATHS = "$(inherited) @executable_path/Frameworks";
				PRODUCT_BUNDLE_IDENTIFIER = "com.lana-dz.Calculator";
				PRODUCT_NAME = "$(TARGET_NAME)";
			};
			name = Release;
		};
/* End XCBuildConfiguration section */

/* Begin XCConfigurationList section */
		F348DC511CF1C3B900B0BA9A /* Build configuration list for PBXProject "Calculator" */ = {
			isa = XCConfigurationList;
			buildConfigurations = (
				F348DC661CF1C3B900B0BA9A /* Debug */,
				F348DC671CF1C3B900B0BA9A /* Release */,
			);
			defaultConfigurationIsVisible = 0;
			defaultConfigurationName = Release;
		};
		F348DC681CF1C3B900B0BA9A /* Build configuration list for PBXNativeTarget "Calculator" */ = {
			isa = XCConfigurationList;
			buildConfigurations = (
				F348DC691CF1C3B900B0BA9A /* Debug */,
				F348DC6A1CF1C3B900B0BA9A /* Release */,
			);
			defaultConfigurationIsVisible = 0;
			defaultConfigurationName = Release;
		};
/* End XCConfigurationList section */
	};
	rootObject = F348DC4E1CF1C3B900B0BA9A /* Project object */;
}
